
Microsoft Visual Studio Solution File, Format Version 12.00
# Visual Studio Version 17
VisualStudioVersion = 17.14.37203.1
MinimumVisualStudioVersion = 10.0.40219.1
Project("{F2A71F9B-5D33-465A-A702-920D77279786}") = "MultitierApplication", "MultitierApplication\MultitierApplication.fsproj", "{AE25FF19-17D8-49C6-A566-A3D84EC99FB4}"
EndProject
Project("{FAE04EC0-301F-11D3-BF4B-00C04F79EFBC}") = "DataAccesslayer", "DataAccesslayer\DataAccesslayer.csproj", "{61D3585A-982D-4CC2-88F9-4FF232BDFAA6}"
EndProject
Project("{FAE04EC0-301F-11D3-BF4B-00C04F79EFBC}") = "BusinessAccesslayer", "BusinessAccesslayer\BusinessAccesslayer.csproj", "{3389952A-E567-466B-A53B-AD4D0A230829}"
EndProject
Global
	GlobalSection(SolutionConfigurationPlatforms) = preSolution
		Debug|Any CPU = Debug|Any CPU
		Release|Any CPU = Release|Any CPU
	EndGlobalSection
	GlobalSection(ProjectConfigurationPlatforms) = postSolution
		{AE25FF19-17D8-49C6-A566-A3D84EC99FB4}.Debug|Any CPU.ActiveCfg = Debug|Any CPU
		{AE25FF19-17D8-49C6-A566-A3D84EC99FB4}.Debug|Any CPU.Build.0 = Debug|Any CPU
		{AE25FF19-17D8-49C6-A566-A3D84EC99FB4}.Release|Any CPU.ActiveCfg = Release|Any CPU
		{AE25FF19-17D8-49C6-A566-A3D84EC99FB4}.Release|Any CPU.Build.0 = Release|Any CPU
		{61D3585A-982D-4CC2-88F9-4FF232BDFAA6}.Debug|Any CPU.ActiveCfg = Debug|Any CPU
		{61D3585A-982D-4CC2-88F9-4FF232BDFAA6}.Debug|Any CPU.Build.0 = Debug|Any CPU
		{61D3585A-982D-4CC2-88F9-4FF232BDFAA6}.Release|Any CPU.ActiveCfg = Release|Any CPU
		{61D3585A-982D-4CC2-88F9-4FF232BDFAA6}.Release|Any CPU.Build.0 = Release|Any CPU
		{3389952A-E567-466B-A53B-AD4D0A230829}.Debug|Any CPU.ActiveCfg = Debug|Any CPU
		{3389952A-E567-466B-A53B-AD4D0A230829}.Debug|Any CPU.Build.0 = Debug|Any CPU
		{3389952A-E567-466B-A53B-AD4D0A230829}.Release|Any CPU.ActiveCfg = Release|Any CPU
		{3389952A-E567-466B-A53B-AD4D0A230829}.Release|Any CPU.Build.0 = Release|Any CPU
	EndGlobalSection
	GlobalSection(SolutionProperties) = preSolution
		HideSolutionNode = FALSE
	EndGlobalSection
	GlobalSection(ExtensibilityGlobals) = postSolution
		SolutionGuid = {AD7A10E8-38F4-4630-BE0F-B798E42EB1D6}
	EndGlobalSection
EndGlobal
